// !$*UTF8*$!
{
	archiveVersion = 1;
	classes = {
	};
	objectVersion = 55;
	objects = {

/* Begin PBXBuildFile section */
		65160B6F284FA8EA00AB757F /* ForecastTableViewCell.swift in Sources */ = {isa = PBXBuildFile; fileRef = 65160B6E284FA8EA00AB757F /* ForecastTableViewCell.swift */; };
		6518BBFB2813604E00841639 /* ForecastWeatherData.swift in Sources */ = {isa = PBXBuildFile; fileRef = 6518BBFA2813604E00841639 /* ForecastWeatherData.swift */; };
		6518BBFD2813629400841639 /* ForecastWeather.swift in Sources */ = {isa = PBXBuildFile; fileRef = 6518BBFC2813629400841639 /* ForecastWeather.swift */; };
		6518BBFF281371FC00841639 /* ForecastViewModel.swift in Sources */ = {isa = PBXBuildFile; fileRef = 6518BBFE281371FC00841639 /* ForecastViewModel.swift */; };
		6526CA1D27FE079200FC6C2D /* ForecastViewController.swift in Sources */ = {isa = PBXBuildFile; fileRef = 6526CA1C27FE079200FC6C2D /* ForecastViewController.swift */; };
		6526CA1F27FE6F5000FC6C2D /* NetworkWeatherManager.swift in Sources */ = {isa = PBXBuildFile; fileRef = 6526CA1E27FE6F4F00FC6C2D /* NetworkWeatherManager.swift */; };
		6526CA2127FE720A00FC6C2D /* Constants.swift in Sources */ = {isa = PBXBuildFile; fileRef = 6526CA2027FE720A00FC6C2D /* Constants.swift */; };
		655532F028027D5C007CBFF0 /* CurrentWeather.swift in Sources */ = {isa = PBXBuildFile; fileRef = 655532EF28027D5C007CBFF0 /* CurrentWeather.swift */; };
		655532F2280329F8007CBFF0 /* LocationData.swift in Sources */ = {isa = PBXBuildFile; fileRef = 655532F1280329F8007CBFF0 /* LocationData.swift */; };
		65661AAA2803C0C30048F75D /* LocationManager.swift in Sources */ = {isa = PBXBuildFile; fileRef = 65661AA92803C0C30048F75D /* LocationManager.swift */; };
		6582BF0827FCF3BE00D8E7AD /* CurrentWeatherData.swift in Sources */ = {isa = PBXBuildFile; fileRef = 6582BF0727FCF3BE00D8E7AD /* CurrentWeatherData.swift */; };
		6582BF0B27FD11C900D8E7AD /* TodayViewModel.swift in Sources */ = {isa = PBXBuildFile; fileRef = 6582BF0A27FD11C900D8E7AD /* TodayViewModel.swift */; };
		65E631E427F7566F00D06F04 /* AppDelegate.swift in Sources */ = {isa = PBXBuildFile; fileRef = 65E631E327F7566F00D06F04 /* AppDelegate.swift */; };
		65E631E627F7566F00D06F04 /* SceneDelegate.swift in Sources */ = {isa = PBXBuildFile; fileRef = 65E631E527F7566F00D06F04 /* SceneDelegate.swift */; };
		65E631E827F7566F00D06F04 /* TodayViewController.swift in Sources */ = {isa = PBXBuildFile; fileRef = 65E631E727F7566F00D06F04 /* TodayViewController.swift */; };
		65E631EE27F7566F00D06F04 /* Weather_Now.xcdatamodeld in Sources */ = {isa = PBXBuildFile; fileRef = 65E631EC27F7566F00D06F04 /* Weather_Now.xcdatamodeld */; };
		65E631F027F7567000D06F04 /* Assets.xcassets in Resources */ = {isa = PBXBuildFile; fileRef = 65E631EF27F7567000D06F04 /* Assets.xcassets */; };
/* End PBXBuildFile section */

/* Begin PBXFileReference section */
		65160B6E284FA8EA00AB757F /* ForecastTableViewCell.swift */ = {isa = PBXFileReference; lastKnownFileType = sourcecode.swift; path = ForecastTableViewCell.swift; sourceTree = "<group>"; };
		6518BBFA2813604E00841639 /* ForecastWeatherData.swift */ = {isa = PBXFileReference; lastKnownFileType = sourcecode.swift; path = ForecastWeatherData.swift; sourceTree = "<group>"; };
		6518BBFC2813629400841639 /* ForecastWeather.swift */ = {isa = PBXFileReference; lastKnownFileType = sourcecode.swift; path = ForecastWeather.swift; sourceTree = "<group>"; };
		6518BBFE281371FC00841639 /* ForecastViewModel.swift */ = {isa = PBXFileReference; lastKnownFileType = sourcecode.swift; path = ForecastViewModel.swift; sourceTree = "<group>"; };
		6526CA1C27FE079200FC6C2D /* ForecastViewController.swift */ = {isa = PBXFileReference; lastKnownFileType = sourcecode.swift; path = ForecastViewController.swift; sourceTree = "<group>"; };
		6526CA1E27FE6F4F00FC6C2D /* NetworkWeatherManager.swift */ = {isa = PBXFileReference; lastKnownFileType = sourcecode.swift; path = NetworkWeatherManager.swift; sourceTree = "<group>"; };
		6526CA2027FE720A00FC6C2D /* Constants.swift */ = {isa = PBXFileReference; lastKnownFileType = sourcecode.swift; path = Constants.swift; sourceTree = "<group>"; };
		655532EF28027D5C007CBFF0 /* CurrentWeather.swift */ = {isa = PBXFileReference; fileEncoding = 4; lastKnownFileType = sourcecode.swift; path = CurrentWeather.swift; sourceTree = "<group>"; };
		655532F1280329F8007CBFF0 /* LocationData.swift */ = {isa = PBXFileReference; lastKnownFileType = sourcecode.swift; path = LocationData.swift; sourceTree = "<group>"; };
		65661AA92803C0C30048F75D /* LocationManager.swift */ = {isa = PBXFileReference; lastKnownFileType = sourcecode.swift; path = LocationManager.swift; sourceTree = "<group>"; };
		6582BF0727FCF3BE00D8E7AD /* CurrentWeatherData.swift */ = {isa = PBXFileReference; lastKnownFileType = sourcecode.swift; path = CurrentWeatherData.swift; sourceTree = "<group>"; };
		6582BF0A27FD11C900D8E7AD /* TodayViewModel.swift */ = {isa = PBXFileReference; lastKnownFileType = sourcecode.swift; path = TodayViewModel.swift; sourceTree = "<group>"; };
		65E631E027F7566F00D06F04 /* Weather Now.app */ = {isa = PBXFileReference; explicitFileType = wrapper.application; includeInIndex = 0; path = "Weather Now.app"; sourceTree = BUILT_PRODUCTS_DIR; };
		65E631E327F7566F00D06F04 /* AppDelegate.swift */ = {isa = PBXFileReference; lastKnownFileType = sourcecode.swift; path = AppDelegate.swift; sourceTree = "<group>"; };
		65E631E527F7566F00D06F04 /* SceneDelegate.swift */ = {isa = PBXFileReference; lastKnownFileType = sourcecode.swift; path = SceneDelegate.swift; sourceTree = "<group>"; };
		65E631E727F7566F00D06F04 /* TodayViewController.swift */ = {isa = PBXFileReference; lastKnownFileType = sourcecode.swift; path = TodayViewController.swift; sourceTree = "<group>"; };
		65E631ED27F7566F00D06F04 /* Weather_Now.xcdatamodel */ = {isa = PBXFileReference; lastKnownFileType = wrapper.xcdatamodel; path = Weather_Now.xcdatamodel; sourceTree = "<group>"; };
		65E631EF27F7567000D06F04 /* Assets.xcassets */ = {isa = PBXFileReference; lastKnownFileType = folder.assetcatalog; path = Assets.xcassets; sourceTree = "<group>"; };
		65E631F427F7567000D06F04 /* Info.plist */ = {isa = PBXFileReference; lastKnownFileType = text.plist.xml; path = Info.plist; sourceTree = "<group>"; };
/* End PBXFileReference section */

/* Begin PBXFrameworksBuildPhase section */
		65E631DD27F7566F00D06F04 /* Frameworks */ = {
			isa = PBXFrameworksBuildPhase;
			buildActionMask = 2147483647;
			files = (
			);
			runOnlyForDeploymentPostprocessing = 0;
		};
/* End PBXFrameworksBuildPhase section */

/* Begin PBXGroup section */
		6518BBF92813602800841639 /* Managers */ = {
			isa = PBXGroup;
			children = (
				65661AA92803C0C30048F75D /* LocationManager.swift */,
				6526CA1E27FE6F4F00FC6C2D /* NetworkWeatherManager.swift */,
			);
			path = Managers;
			sourceTree = "<group>";
		};
		6539EC0C28598EC300EBAE34 /* Cells */ = {
			isa = PBXGroup;
			children = (
				65160B6E284FA8EA00AB757F /* ForecastTableViewCell.swift */,
			);
			path = Cells;
			sourceTree = "<group>";
		};
		655532EA28026034007CBFF0 /* Extencions */ = {
			isa = PBXGroup;
			children = (
			);
			path = Extencions;
			sourceTree = "<group>";
		};
		657C82AD27FB85BA00F328F0 /* Models */ = {
			isa = PBXGroup;
			children = (
				6518BBF92813602800841639 /* Managers */,
				655532EF28027D5C007CBFF0 /* CurrentWeather.swift */,
				6518BBFC2813629400841639 /* ForecastWeather.swift */,
				6582BF0727FCF3BE00D8E7AD /* CurrentWeatherData.swift */,
				6518BBFA2813604E00841639 /* ForecastWeatherData.swift */,
				655532F1280329F8007CBFF0 /* LocationData.swift */,
			);
			path = Models;
			sourceTree = "<group>";
		};
		657C82B027FB85E800F328F0 /* Views */ = {
			isa = PBXGroup;
			children = (
				6539EC0C28598EC300EBAE34 /* Cells */,
				65E631E727F7566F00D06F04 /* TodayViewController.swift */,
				6526CA1C27FE079200FC6C2D /* ForecastViewController.swift */,
			);
			path = Views;
			sourceTree = "<group>";
		};
		6582BF0627FCF3A100D8E7AD /* ViewModels */ = {
			isa = PBXGroup;
			children = (
				6582BF0A27FD11C900D8E7AD /* TodayViewModel.swift */,
				6518BBFE281371FC00841639 /* ForecastViewModel.swift */,
			);
			path = ViewModels;
			sourceTree = "<group>";
		};
		6582BF0927FD055000D8E7AD /* Resources */ = {
			isa = PBXGroup;
			children = (
				65E631E327F7566F00D06F04 /* AppDelegate.swift */,
				65E631E527F7566F00D06F04 /* SceneDelegate.swift */,
				6526CA2027FE720A00FC6C2D /* Constants.swift */,
			);
			path = Resources;
			sourceTree = "<group>";
		};
		6582BF0C27FD137A00D8E7AD /* Protocols */ = {
			isa = PBXGroup;
			children = (
			);
			path = Protocols;
			sourceTree = "<group>";
		};
		65E631D727F7566F00D06F04 = {
			isa = PBXGroup;
			children = (
				65E631E227F7566F00D06F04 /* Weather Now */,
				65E631E127F7566F00D06F04 /* Products */,
			);
			sourceTree = "<group>";
		};
		65E631E127F7566F00D06F04 /* Products */ = {
			isa = PBXGroup;
			children = (
				65E631E027F7566F00D06F04 /* Weather Now.app */,
			);
			name = Products;
			sourceTree = "<group>";
		};
		65E631E227F7566F00D06F04 /* Weather Now */ = {
			isa = PBXGroup;
			children = (
				655532EA28026034007CBFF0 /* Extencions */,
				6582BF0C27FD137A00D8E7AD /* Protocols */,
				6582BF0927FD055000D8E7AD /* Resources */,
				6582BF0627FCF3A100D8E7AD /* ViewModels */,
				657C82B027FB85E800F328F0 /* Views */,
				657C82AD27FB85BA00F328F0 /* Models */,
				65E631EF27F7567000D06F04 /* Assets.xcassets */,
				65E631F427F7567000D06F04 /* Info.plist */,
				65E631EC27F7566F00D06F04 /* Weather_Now.xcdatamodeld */,
			);
			path = "Weather Now";
			sourceTree = "<group>";
		};
/* End PBXGroup section */

/* Begin PBXNativeTarget section */
		65E631DF27F7566F00D06F04 /* Weather Now */ = {
			isa = PBXNativeTarget;
			buildConfigurationList = 65E631F727F7567000D06F04 /* Build configuration list for PBXNativeTarget "Weather Now" */;
			buildPhases = (
				65E631DC27F7566F00D06F04 /* Sources */,
				65E631DD27F7566F00D06F04 /* Frameworks */,
				65E631DE27F7566F00D06F04 /* Resources */,
			);
			buildRules = (
			);
			dependencies = (
			);
			name = "Weather Now";
			productName = "Weather Now";
			productReference = 65E631E027F7566F00D06F04 /* Weather Now.app */;
			productType = "com.apple.product-type.application";
		};
/* End PBXNativeTarget section */

/* Begin PBXProject section */
		65E631D827F7566F00D06F04 /* Project object */ = {
			isa = PBXProject;
			attributes = {
				BuildIndependentTargetsInParallel = 1;
				LastSwiftUpdateCheck = 1330;
				LastUpgradeCheck = 1330;
				TargetAttributes = {
					65E631DF27F7566F00D06F04 = {
						CreatedOnToolsVersion = 13.3;
					};
				};
			};
			buildConfigurationList = 65E631DB27F7566F00D06F04 /* Build configuration list for PBXProject "Weather Now" */;
			compatibilityVersion = "Xcode 13.0";
			developmentRegion = en;
			hasScannedForEncodings = 0;
			knownRegions = (
				en,
				Base,
			);
			mainGroup = 65E631D727F7566F00D06F04;
			productRefGroup = 65E631E127F7566F00D06F04 /* Products */;
			projectDirPath = "";
			projectRoot = "";
			targets = (
				65E631DF27F7566F00D06F04 /* Weather Now */,
			);
		};
/* End PBXProject section */

/* Begin PBXResourcesBuildPhase section */
		65E631DE27F7566F00D06F04 /* Resources */ = {
			isa = PBXResourcesBuildPhase;
			buildActionMask = 2147483647;
			files = (
				65E631F027F7567000D06F04 /* Assets.xcassets in Resources */,
			);
			runOnlyForDeploymentPostprocessing = 0;
		};
/* End PBXResourcesBuildPhase section */

/* Begin PBXSourcesBuildPhase section */
		65E631DC27F7566F00D06F04 /* Sources */ = {
			isa = PBXSourcesBuildPhase;
			buildActionMask = 2147483647;
			files = (
				65160B6F284FA8EA00AB757F /* ForecastTableViewCell.swift in Sources */,
				65E631E827F7566F00D06F04 /* TodayViewController.swift in Sources */,
				655532F028027D5C007CBFF0 /* CurrentWeather.swift in Sources */,
				6526CA1D27FE079200FC6C2D /* ForecastViewController.swift in Sources */,
				65E631E427F7566F00D06F04 /* AppDelegate.swift in Sources */,
				6526CA1F27FE6F5000FC6C2D /* NetworkWeatherManager.swift in Sources */,
				65E631E627F7566F00D06F04 /* SceneDelegate.swift in Sources */,
				6582BF0827FCF3BE00D8E7AD /* CurrentWeatherData.swift in Sources */,
				6582BF0B27FD11C900D8E7AD /* TodayViewModel.swift in Sources */,
				65661AAA2803C0C30048F75D /* LocationManager.swift in Sources */,
				6518BBFF281371FC00841639 /* ForecastViewModel.swift in Sources */,
				6518BBFD2813629400841639 /* ForecastWeather.swift in Sources */,
				65E631EE27F7566F00D06F04 /* Weather_Now.xcdatamodeld in Sources */,
				655532F2280329F8007CBFF0 /* LocationData.swift in Sources */,
				6518BBFB2813604E00841639 /* ForecastWeatherData.swift in Sources */,
				6526CA2127FE720A00FC6C2D /* Constants.swift in Sources */,
			);
			runOnlyForDeploymentPostprocessing = 0;
		};
/* End PBXSourcesBuildPhase section */

/* Begin XCBuildConfiguration section */
		65E631F527F7567000D06F04 /* Debug */ = {
			isa = XCBuildConfiguration;
			buildSettings = {
				ALWAYS_SEARCH_USER_PATHS = NO;
				CLANG_ANALYZER_NONNULL = YES;
				CLANG_ANALYZER_NUMBER_OBJECT_CONVERSION = YES_AGGRESSIVE;
				CLANG_CXX_LANGUAGE_STANDARD = "gnu++17";
				CLANG_ENABLE_MODULES = YES;
				CLANG_ENABLE_OBJC_ARC = YES;
				CLANG_ENABLE_OBJC_WEAK = YES;
				CLANG_WARN_BLOCK_CAPTURE_AUTORELEASING = YES;
				CLANG_WARN_BOOL_CONVERSION = YES;
				CLANG_WARN_COMMA = YES;
				CLANG_WARN_CONSTANT_CONVERSION = YES;
				CLANG_WARN_DEPRECATED_OBJC_IMPLEMENTATIONS = YES;
				CLANG_WARN_DIRECT_OBJC_ISA_USAGE = YES_ERROR;
				CLANG_WARN_DOCUMENTATION_COMMENTS = YES;
				CLANG_WARN_EMPTY_BODY = YES;
				CLANG_WARN_ENUM_CONVERSION = YES;
				CLANG_WARN_INFINITE_RECURSION = YES;
				CLANG_WARN_INT_CONVERSION = YES;
				CLANG_WARN_NON_LITERAL_NULL_CONVERSION = YES;
				CLANG_WARN_OBJC_IMPLICIT_RETAIN_SELF = YES;
				CLANG_WARN_OBJC_LITERAL_CONVERSION = YES;
				CLANG_WARN_OBJC_ROOT_CLASS = YES_ERROR;
				CLANG_WARN_QUOTED_INCLUDE_IN_FRAMEWORK_HEADER = YES;
				CLANG_WARN_RANGE_LOOP_ANALYSIS = YES;
				CLANG_WARN_STRICT_PROTOTYPES = YES;
				CLANG_WARN_SUSPICIOUS_MOVE = YES;
				CLANG_WARN_UNGUARDED_AVAILABILITY = YES_AGGRESSIVE;
				CLANG_WARN_UNREACHABLE_CODE = YES;
				CLANG_WARN__DUPLICATE_METHOD_MATCH = YES;
				COPY_PHASE_STRIP = NO;
				DEBUG_INFORMATION_FORMAT = dwarf;
				ENABLE_STRICT_OBJC_MSGSEND = YES;
				ENABLE_TESTABILITY = YES;
				GCC_C_LANGUAGE_STANDARD = gnu11;
				GCC_DYNAMIC_NO_PIC = NO;
				GCC_NO_COMMON_BLOCKS = YES;
				GCC_OPTIMIZATION_LEVEL = 0;
				GCC_PREPROCESSOR_DEFINITIONS = (
					"DEBUG=1",
					"$(inherited)",
				);
				GCC_WARN_64_TO_32_BIT_CONVERSION = YES;
				GCC_WARN_ABOUT_RETURN_TYPE = YES_ERROR;
				GCC_WARN_UNDECLARED_SELECTOR = YES;
				GCC_WARN_UNINITIALIZED_AUTOS = YES_AGGRESSIVE;
				GCC_WARN_UNUSED_FUNCTION = YES;
				GCC_WARN_UNUSED_VARIABLE = YES;
				IPHONEOS_DEPLOYMENT_TARGET = 15.4;
				MTL_ENABLE_DEBUG_INFO = INCLUDE_SOURCE;
				MTL_FAST_MATH = YES;
				ONLY_ACTIVE_ARCH = YES;
				SDKROOT = iphoneos;
				SWIFT_ACTIVE_COMPILATION_CONDITIONS = DEBUG;
				SWIFT_OPTIMIZATION_LEVEL = "-Onone";
			};
			name = Debug;
		};
		65E631F627F7567000D06F04 /* Release */ = {
			isa = XCBuildConfiguration;
			buildSettings = {
				ALWAYS_SEARCH_USER_PATHS = NO;
				CLANG_ANALYZER_NONNULL = YES;
				CLANG_ANALYZER_NUMBER_OBJECT_CONVERSION = YES_AGGRESSIVE;
				CLANG_CXX_LANGUAGE_STANDARD = "gnu++17";
				CLANG_ENABLE_MODULES = YES;
				CLANG_ENABLE_OBJC_ARC = YES;
				CLANG_ENABLE_OBJC_WEAK = YES;
				CLANG_WARN_BLOCK_CAPTURE_AUTORELEASING = YES;
				CLANG_WARN_BOOL_CONVERSION = YES;
				CLANG_WARN_COMMA = YES;
				CLANG_WARN_CONSTANT_CONVERSION = YES;
				CLANG_WARN_DEPRECATED_OBJC_IMPLEMENTATIONS = YES;
				CLANG_WARN_DIRECT_OBJC_ISA_USAGE = YES_ERROR;
				CLANG_WARN_DOCUMENTATION_COMMENTS = YES;
				CLANG_WARN_EMPTY_BODY = YES;
				CLANG_WARN_ENUM_CONVERSION = YES;
				CLANG_WARN_INFINITE_RECURSION = YES;
				CLANG_WARN_INT_CONVERSION = YES;
				CLANG_WARN_NON_LITERAL_NULL_CONVERSION = YES;
				CLANG_WARN_OBJC_IMPLICIT_RETAIN_SELF = YES;
				CLANG_WARN_OBJC_LITERAL_CONVERSION = YES;
				CLANG_WARN_OBJC_ROOT_CLASS = YES_ERROR;
				CLANG_WARN_QUOTED_INCLUDE_IN_FRAMEWORK_HEADER = YES;
				CLANG_WARN_RANGE_LOOP_ANALYSIS = YES;
				CLANG_WARN_STRICT_PROTOTYPES = YES;
				CLANG_WARN_SUSPICIOUS_MOVE = YES;
				CLANG_WARN_UNGUARDED_AVAILABILITY = YES_AGGRESSIVE;
				CLANG_WARN_UNREACHABLE_CODE = YES;
				CLANG_WARN__DUPLICATE_METHOD_MATCH = YES;
				COPY_PHASE_STRIP = NO;
				DEBUG_INFORMATION_FORMAT = "dwarf-with-dsym";
				ENABLE_NS_ASSERTIONS = NO;
				ENABLE_STRICT_OBJC_MSGSEND = YES;
				GCC_C_LANGUAGE_STANDARD = gnu11;
				GCC_NO_COMMON_BLOCKS = YES;
				GCC_WARN_64_TO_32_BIT_CONVERSION = YES;
				GCC_WARN_ABOUT_RETURN_TYPE = YES_ERROR;
				GCC_WARN_UNDECLARED_SELECTOR = YES;
				GCC_WARN_UNINITIALIZED_AUTOS = YES_AGGRESSIVE;
				GCC_WARN_UNUSED_FUNCTION = YES;
				GCC_WARN_UNUSED_VARIABLE = YES;
				IPHONEOS_DEPLOYMENT_TARGET = 15.4;
				MTL_ENABLE_DEBUG_INFO = NO;
				MTL_FAST_MATH = YES;
				SDKROOT = iphoneos;
				SWIFT_COMPILATION_MODE = wholemodule;
				SWIFT_OPTIMIZATION_LEVEL = "-O";
				VALIDATE_PRODUCT = YES;
			};
			name = Release;
		};
		65E631F827F7567000D06F04 /* Debug */ = {
			isa = XCBuildConfiguration;
			buildSettings = {
				ASSETCATALOG_COMPILER_APPICON_NAME = AppIcon;
				ASSETCATALOG_COMPILER_GLOBAL_ACCENT_COLOR_NAME = AccentColor;
				CODE_SIGN_STYLE = Automatic;
				CURRENT_PROJECT_VERSION = 1;
				DEVELOPMENT_TEAM = BU5D545FBS;
				GENERATE_INFOPLIST_FILE = YES;
				INFOPLIST_FILE = "Weather Now/Info.plist";
				INFOPLIST_KEY_UIApplicationSupportsIndirectInputEvents = YES;
				INFOPLIST_KEY_UILaunchStoryboardName = LaunchScreen;
				INFOPLIST_KEY_UISupportedInterfaceOrientations = UIInterfaceOrientationPortrait;
				INFOPLIST_KEY_UISupportedInterfaceOrientations_iPad = "UIInterfaceOrientationPortrait UIInterfaceOrientationPortraitUpsideDown UIInterfaceOrientationLandscapeLeft UIInterfaceOrientationLandscapeRight";
				INFOPLIST_KEY_UISupportedInterfaceOrientations_iPhone = "UIInterfaceOrientationPortrait UIInterfaceOrientationLandscapeLeft UIInterfaceOrientationLandscapeRight";
				LD_RUNPATH_SEARCH_PATHS = (
					"$(inherited)",
					"@executable_path/Frameworks",
				);
				MARKETING_VERSION = 1.0;
				PRODUCT_BUNDLE_IDENTIFIER = "PRJS.Weather-Now";
				PRODUCT_NAME = "$(TARGET_NAME)";
				SWIFT_EMIT_LOC_STRINGS = YES;
				SWIFT_VERSION = 5.0;
				TARGETED_DEVICE_FAMILY = 1;
			};
			name = Debug;
		};
		65E631F927F7567000D06F04 /* Release */ = {
			isa = XCBuildConfiguration;
			buildSettings = {
				ASSETCATALOG_COMPILER_APPICON_NAME = AppIcon;
				ASSETCATALOG_COMPILER_GLOBAL_ACCENT_COLOR_NAME = AccentColor;
				CODE_SIGN_STYLE = Automatic;
				CURRENT_PROJECT_VERSION = 1;
				DEVELOPMENT_TEAM = BU5D545FBS;
				GENERATE_INFOPLIST_FILE = YES;
				INFOPLIST_FILE = "Weather Now/Info.plist";
				INFOPLIST_KEY_UIApplicationSupportsIndirectInputEvents = YES;
				INFOPLIST_KEY_UILaunchStoryboardName = LaunchScreen;
				INFOPLIST_KEY_UISupportedInterfaceOrientations = UIInterfaceOrientationPortrait;
				INFOPLIST_KEY_UISupportedInterfaceOrientations_iPad = "UIInterfaceOrientationPortrait UIInterfaceOrientationPortraitUpsideDown UIInterfaceOrientationLandscapeLeft UIInterfaceOrientationLandscapeRight";
				INFOPLIST_KEY_UISupportedInterfaceOrientations_iPhone = "UIInterfaceOrientationPortrait UIInterfaceOrientationLandscapeLeft UIInterfaceOrientationLandscapeRight";
				LD_RUNPATH_SEARCH_PATHS = (
					"$(inherited)",
					"@executable_path/Frameworks",
				);
				MARKETING_VERSION = 1.0;
				PRODUCT_BUNDLE_IDENTIFIER = "PRJS.Weather-Now";
				PRODUCT_NAME = "$(TARGET_NAME)";
				SWIFT_EMIT_LOC_STRINGS = YES;
				SWIFT_VERSION = 5.0;
				TARGETED_DEVICE_FAMILY = 1;
			};
			name = Release;
		};
/* End XCBuildConfiguration section */

/* Begin XCConfigurationList section */
		65E631DB27F7566F00D06F04 /* Build configuration list for PBXProject "Weather Now" */ = {
			isa = XCConfigurationList;
			buildConfigurations = (
				65E631F527F7567000D06F04 /* Debug */,
				65E631F627F7567000D06F04 /* Release */,
			);
			defaultConfigurationIsVisible = 0;
			defaultConfigurationName = Release;
		};
		65E631F727F7567000D06F04 /* Build configuration list for PBXNativeTarget "Weather Now" */ = {
			isa = XCConfigurationList;
			buildConfigurations = (
				65E631F827F7567000D06F04 /* Debug */,
				65E631F927F7567000D06F04 /* Release */,
			);
			defaultConfigurationIsVisible = 0;
			defaultConfigurationName = Release;
		};
/* End XCConfigurationList section */

/* Begin XCVersionGroup section */
		65E631EC27F7566F00D06F04 /* Weather_Now.xcdatamodeld */ = {
			isa = XCVersionGroup;
			children = (
				65E631ED27F7566F00D06F04 /* Weather_Now.xcdatamodel */,
			);
			currentVersion = 65E631ED27F7566F00D06F04 /* Weather_Now.xcdatamodel */;
			path = Weather_Now.xcdatamodeld;
			sourceTree = "<group>";
			versionGroupType = wrapper.xcdatamodel;
		};
/* End XCVersionGroup section */
	};
	rootObject = 65E631D827F7566F00D06F04 /* Project object */;
}
